
Microsoft Visual Studio Solution File, Format Version 12.00
# Visual Studio 14
VisualStudioVersion = 14.0.25420.1
MinimumVisualStudioVersion = 10.0.40219.1
Project("{FAE04EC0-301F-11D3-BF4B-00C04F79EFBC}") = "TrackerLibrary", "TrackerLibrary\TrackerLibrary.csproj", "{7372D0C3-DFF8-4290-919E-09689E121621}"
EndProject
Project("{FAE04EC0-301F-11D3-BF4B-00C04F79EFBC}") = "TrackerUI", "TrackerUI\TrackerUI.csproj", "{902B419E-7C98-4BF1-B674-BF5E446BFD3B}"
EndProject
Global
	GlobalSection(SolutionConfigurationPlatforms) = preSolution
		Debug|Any CPU = Debug|Any CPU
		Release|Any CPU = Release|Any CPU
	EndGlobalSection
	GlobalSection(ProjectConfigurationPlatforms) = postSolution
		{7372D0C3-DFF8-4290-919E-09689E121621}.Debug|Any CPU.ActiveCfg = Debug|Any CPU
		{7372D0C3-DFF8-4290-919E-09689E121621}.Debug|Any CPU.Build.0 = Debug|Any CPU
		{7372D0C3-DFF8-4290-919E-09689E121621}.Release|Any CPU.ActiveCfg = Release|Any CPU
		{7372D0C3-DFF8-4290-919E-09689E121621}.Release|Any CPU.Build.0 = Release|Any CPU
		{902B419E-7C98-4BF1-B674-BF5E446BFD3B}.Debug|Any CPU.ActiveCfg = Debug|Any CPU
		{902B419E-7C98-4BF1-B674-BF5E446BFD3B}.Debug|Any CPU.Build.0 = Debug|Any CPU
		{902B419E-7C98-4BF1-B674-BF5E446BFD3B}.Release|Any CPU.ActiveCfg = Release|Any CPU
		{902B419E-7C98-4BF1-B674-BF5E446BFD3B}.Release|Any CPU.Build.0 = Release|Any CPU
	EndGlobalSection
	GlobalSection(SolutionProperties) = preSolution
		HideSolutionNode = FALSE
	EndGlobalSection
EndGlobal
